// !$*UTF8*$!
{
	archiveVersion = 1;
	classes = {
	};
	objectVersion = 46;
	objects = {

/* Begin PBXBuildFile section */
		98711AEF19896DF100782AF0 /* Foundation.framework in Frameworks */ = {isa = PBXBuildFile; fileRef = 98711AEE19896DF100782AF0 /* Foundation.framework */; };
		98711AF119896DF100782AF0 /* CoreGraphics.framework in Frameworks */ = {isa = PBXBuildFile; fileRef = 98711AF019896DF100782AF0 /* CoreGraphics.framework */; };
		98711AF319896DF100782AF0 /* UIKit.framework in Frameworks */ = {isa = PBXBuildFile; fileRef = 98711AF219896DF100782AF0 /* UIKit.framework */; };
		98711AF919896DF100782AF0 /* InfoPlist.strings in Resources */ = {isa = PBXBuildFile; fileRef = 98711AF719896DF100782AF0 /* InfoPlist.strings */; };
		98711AFB19896DF100782AF0 /* main.m in Sources */ = {isa = PBXBuildFile; fileRef = 98711AFA19896DF100782AF0 /* main.m */; };
		98711AFF19896DF100782AF0 /* AppDelegate.m in Sources */ = {isa = PBXBuildFile; fileRef = 98711AFE19896DF100782AF0 /* AppDelegate.m */; };
		98711B0519896DF100782AF0 /* ViewController.m in Sources */ = {isa = PBXBuildFile; fileRef = 98711B0419896DF100782AF0 /* ViewController.m */; };
		98711B0719896DF100782AF0 /* Images.xcassets in Resources */ = {isa = PBXBuildFile; fileRef = 98711B0619896DF100782AF0 /* Images.xcassets */; };
		98711B0E19896DF100782AF0 /* XCTest.framework in Frameworks */ = {isa = PBXBuildFile; fileRef = 98711B0D19896DF100782AF0 /* XCTest.framework */; };
		98711B0F19896DF100782AF0 /* Foundation.framework in Frameworks */ = {isa = PBXBuildFile; fileRef = 98711AEE19896DF100782AF0 /* Foundation.framework */; };
		98711B1019896DF100782AF0 /* UIKit.framework in Frameworks */ = {isa = PBXBuildFile; fileRef = 98711AF219896DF100782AF0 /* UIKit.framework */; };
		98711B1819896DF200782AF0 /* InfoPlist.strings in Resources */ = {isa = PBXBuildFile; fileRef = 98711B1619896DF200782AF0 /* InfoPlist.strings */; };
		98711B1A19896DF200782AF0 /* FarkleTests.m in Sources */ = {isa = PBXBuildFile; fileRef = 98711B1919896DF200782AF0 /* FarkleTests.m */; };
		98711B2519896E3300782AF0 /* DieLabel.m in Sources */ = {isa = PBXBuildFile; fileRef = 98711B2419896E3300782AF0 /* DieLabel.m */; };
		98711B2719896F5B00782AF0 /* CheckMate.framework in Frameworks */ = {isa = PBXBuildFile; fileRef = 98711B2619896F5B00782AF0 /* CheckMate.framework */; };
		98E2D9A51989866600D64F0F /* dice.ttf in Resources */ = {isa = PBXBuildFile; fileRef = 98E2D9A4198984FC00D64F0F /* dice.ttf */; };
		98E2D9A61989867B00D64F0F /* Main.storyboard in Resources */ = {isa = PBXBuildFile; fileRef = 98711B0019896DF100782AF0 /* Main.storyboard */; };
		98E2D9A91989A68900D64F0F /* GameLogic.m in Sources */ = {isa = PBXBuildFile; fileRef = 98E2D9A81989A68900D64F0F /* GameLogic.m */; };
/* End PBXBuildFile section */

/* Begin PBXContainerItemProxy section */
		98711B1119896DF200782AF0 /* PBXContainerItemProxy */ = {
			isa = PBXContainerItemProxy;
			containerPortal = 98711AE319896DF100782AF0 /* Project object */;
			proxyType = 1;
			remoteGlobalIDString = 98711AEA19896DF100782AF0;
			remoteInfo = Farkle;
		};
/* End PBXContainerItemProxy section */

/* Begin PBXFileReference section */
		98711AEB19896DF100782AF0 /* Farkle.app */ = {isa = PBXFileReference; explicitFileType = wrapper.application; includeInIndex = 0; path = Farkle.app; sourceTree = BUILT_PRODUCTS_DIR; };
		98711AEE19896DF100782AF0 /* Foundation.framework */ = {isa = PBXFileReference; lastKnownFileType = wrapper.framework; name = Foundation.framework; path = System/Library/Frameworks/Foundation.framework; sourceTree = SDKROOT; };
		98711AF019896DF100782AF0 /* CoreGraphics.framework */ = {isa = PBXFileReference; lastKnownFileType = wrapper.framework; name = CoreGraphics.framework; path = System/Library/Frameworks/CoreGraphics.framework; sourceTree = SDKROOT; };
		98711AF219896DF100782AF0 /* UIKit.framework */ = {isa = PBXFileReference; lastKnownFileType = wrapper.framework; name = UIKit.framework; path = System/Library/Frameworks/UIKit.framework; sourceTree = SDKROOT; };
		98711AF619896DF100782AF0 /* Farkle-Info.plist */ = {isa = PBXFileReference; lastKnownFileType = text.plist.xml; path = "Farkle-Info.plist"; sourceTree = "<group>"; };
		98711AF819896DF100782AF0 /* en */ = {isa = PBXFileReference; lastKnownFileType = text.plist.strings; name = en; path = en.lproj/InfoPlist.strings; sourceTree = "<group>"; };
		98711AFA19896DF100782AF0 /* main.m */ = {isa = PBXFileReference; lastKnownFileType = sourcecode.c.objc; path = main.m; sourceTree = "<group>"; };
		98711AFC19896DF100782AF0 /* Farkle-Prefix.pch */ = {isa = PBXFileReference; lastKnownFileType = sourcecode.c.h; path = "Farkle-Prefix.pch"; sourceTree = "<group>"; };
		98711AFD19896DF100782AF0 /* AppDelegate.h */ = {isa = PBXFileReference; lastKnownFileType = sourcecode.c.h; path = AppDelegate.h; sourceTree = "<group>"; };
		98711AFE19896DF100782AF0 /* AppDelegate.m */ = {isa = PBXFileReference; lastKnownFileType = sourcecode.c.objc; path = AppDelegate.m; sourceTree = "<group>"; };
		98711B0119896DF100782AF0 /* Base */ = {isa = PBXFileReference; lastKnownFileType = file.storyboard; name = Base; path = Base.lproj/Main.storyboard; sourceTree = "<group>"; };
		98711B0319896DF100782AF0 /* ViewController.h */ = {isa = PBXFileReference; lastKnownFileType = sourcecode.c.h; path = ViewController.h; sourceTree = "<group>"; };
		98711B0419896DF100782AF0 /* ViewController.m */ = {isa = PBXFileReference; lastKnownFileType = sourcecode.c.objc; path = ViewController.m; sourceTree = "<group>"; };
		98711B0619896DF100782AF0 /* Images.xcassets */ = {isa = PBXFileReference; lastKnownFileType = folder.assetcatalog; path = Images.xcassets; sourceTree = "<group>"; };
		98711B0C19896DF100782AF0 /* FarkleTests.xctest */ = {isa = PBXFileReference; explicitFileType = wrapper.cfbundle; includeInIndex = 0; path = FarkleTests.xctest; sourceTree = BUILT_PRODUCTS_DIR; };
		98711B0D19896DF100782AF0 /* XCTest.framework */ = {isa = PBXFileReference; lastKnownFileType = wrapper.framework; name = XCTest.framework; path = Library/Frameworks/XCTest.framework; sourceTree = DEVELOPER_DIR; };
		98711B1519896DF200782AF0 /* FarkleTests-Info.plist */ = {isa = PBXFileReference; lastKnownFileType = text.plist.xml; path = "FarkleTests-Info.plist"; sourceTree = "<group>"; };
		98711B1719896DF200782AF0 /* en */ = {isa = PBXFileReference; lastKnownFileType = text.plist.strings; name = en; path = en.lproj/InfoPlist.strings; sourceTree = "<group>"; };
		98711B1919896DF200782AF0 /* FarkleTests.m */ = {isa = PBXFileReference; lastKnownFileType = sourcecode.c.objc; path = FarkleTests.m; sourceTree = "<group>"; };
		98711B2319896E3300782AF0 /* DieLabel.h */ = {isa = PBXFileReference; fileEncoding = 4; lastKnownFileType = sourcecode.c.h; name = DieLabel.h; path = ../DieLabel.h; sourceTree = "<group>"; };
		98711B2419896E3300782AF0 /* DieLabel.m */ = {isa = PBXFileReference; fileEncoding = 4; lastKnownFileType = sourcecode.c.objc; name = DieLabel.m; path = ../DieLabel.m; sourceTree = "<group>"; };
		98711B2619896F5B00782AF0 /* CheckMate.framework */ = {isa = PBXFileReference; lastKnownFileType = wrapper.framework; path = CheckMate.framework; sourceTree = "<group>"; };
		98E2D9A4198984FC00D64F0F /* dice.ttf */ = {isa = PBXFileReference; lastKnownFileType = file; path = dice.ttf; sourceTree = "<group>"; };
		98E2D9A71989A68900D64F0F /* GameLogic.h */ = {isa = PBXFileReference; fileEncoding = 4; lastKnownFileType = sourcecode.c.h; path = GameLogic.h; sourceTree = "<group>"; };
		98E2D9A81989A68900D64F0F /* GameLogic.m */ = {isa = PBXFileReference; fileEncoding = 4; lastKnownFileType = sourcecode.c.objc; path = GameLogic.m; sourceTree = "<group>"; };
/* End PBXFileReference section */

/* Begin PBXFrameworksBuildPhase section */
		98711AE819896DF100782AF0 /* Frameworks */ = {
			isa = PBXFrameworksBuildPhase;
			buildActionMask = 2147483647;
			files = (
				98711B2719896F5B00782AF0 /* CheckMate.framework in Frameworks */,
				98711AF119896DF100782AF0 /* CoreGraphics.framework in Frameworks */,
				98711AF319896DF100782AF0 /* UIKit.framework in Frameworks */,
				98711AEF19896DF100782AF0 /* Foundation.framework in Frameworks */,
			);
			runOnlyForDeploymentPostprocessing = 0;
		};
		98711B0919896DF100782AF0 /* Frameworks */ = {
			isa = PBXFrameworksBuildPhase;
			buildActionMask = 2147483647;
			files = (
				98711B0E19896DF100782AF0 /* XCTest.framework in Frameworks */,
				98711B1019896DF100782AF0 /* UIKit.framework in Frameworks */,
				98711B0F19896DF100782AF0 /* Foundation.framework in Frameworks */,
			);
			runOnlyForDeploymentPostprocessing = 0;
		};
/* End PBXFrameworksBuildPhase section */

/* Begin PBXGroup section */
		98711AE219896DF100782AF0 = {
			isa = PBXGroup;
			children = (
				98711AF419896DF100782AF0 /* Farkle */,
				98711B1319896DF200782AF0 /* FarkleTests */,
				98711AED19896DF100782AF0 /* Frameworks */,
				98711AEC19896DF100782AF0 /* Products */,
			);
			sourceTree = "<group>";
		};
		98711AEC19896DF100782AF0 /* Products */ = {
			isa = PBXGroup;
			children = (
				98711AEB19896DF100782AF0 /* Farkle.app */,
				98711B0C19896DF100782AF0 /* FarkleTests.xctest */,
			);
			name = Products;
			sourceTree = "<group>";
		};
		98711AED19896DF100782AF0 /* Frameworks */ = {
			isa = PBXGroup;
			children = (
				98711B2619896F5B00782AF0 /* CheckMate.framework */,
				98711AEE19896DF100782AF0 /* Foundation.framework */,
				98711AF019896DF100782AF0 /* CoreGraphics.framework */,
				98711AF219896DF100782AF0 /* UIKit.framework */,
				98711B0D19896DF100782AF0 /* XCTest.framework */,
			);
			name = Frameworks;
			sourceTree = "<group>";
		};
		98711AF419896DF100782AF0 /* Farkle */ = {
			isa = PBXGroup;
			children = (
				98711AFD19896DF100782AF0 /* AppDelegate.h */,
				98711AFE19896DF100782AF0 /* AppDelegate.m */,
				98711B0019896DF100782AF0 /* Main.storyboard */,
				98711B0319896DF100782AF0 /* ViewController.h */,
				98711B0419896DF100782AF0 /* ViewController.m */,
				98E2D9A71989A68900D64F0F /* GameLogic.h */,
				98E2D9A81989A68900D64F0F /* GameLogic.m */,
				98711B2319896E3300782AF0 /* DieLabel.h */,
				98711B2419896E3300782AF0 /* DieLabel.m */,
				98711B0619896DF100782AF0 /* Images.xcassets */,
				98711AF519896DF100782AF0 /* Supporting Files */,
			);
			path = Farkle;
			sourceTree = "<group>";
		};
		98711AF519896DF100782AF0 /* Supporting Files */ = {
			isa = PBXGroup;
			children = (
				98E2D9A4198984FC00D64F0F /* dice.ttf */,
				98711AF619896DF100782AF0 /* Farkle-Info.plist */,
				98711AF719896DF100782AF0 /* InfoPlist.strings */,
				98711AFA19896DF100782AF0 /* main.m */,
				98711AFC19896DF100782AF0 /* Farkle-Prefix.pch */,
			);
			name = "Supporting Files";
			sourceTree = "<group>";
		};
		98711B1319896DF200782AF0 /* FarkleTests */ = {
			isa = PBXGroup;
			children = (
				98711B1919896DF200782AF0 /* FarkleTests.m */,
				98711B1419896DF200782AF0 /* Supporting Files */,
			);
			path = FarkleTests;
			sourceTree = "<group>";
		};
		98711B1419896DF200782AF0 /* Supporting Files */ = {
			isa = PBXGroup;
			children = (
				98711B1519896DF200782AF0 /* FarkleTests-Info.plist */,
				98711B1619896DF200782AF0 /* InfoPlist.strings */,
			);
			name = "Supporting Files";
			sourceTree = "<group>";
		};
/* End PBXGroup section */

/* Begin PBXNativeTarget section */
		98711AEA19896DF100782AF0 /* Farkle */ = {
			isa = PBXNativeTarget;
			buildConfigurationList = 98711B1D19896DF200782AF0 /* Build configuration list for PBXNativeTarget "Farkle" */;
			buildPhases = (
				98711AE719896DF100782AF0 /* Sources */,
				98711AE819896DF100782AF0 /* Frameworks */,
				98711AE919896DF100782AF0 /* Resources */,
			);
			buildRules = (
			);
			dependencies = (
			);
			name = Farkle;
			productName = Farkle;
			productReference = 98711AEB19896DF100782AF0 /* Farkle.app */;
			productType = "com.apple.product-type.application";
		};
		98711B0B19896DF100782AF0 /* FarkleTests */ = {
			isa = PBXNativeTarget;
			buildConfigurationList = 98711B2019896DF200782AF0 /* Build configuration list for PBXNativeTarget "FarkleTests" */;
			buildPhases = (
				98711B0819896DF100782AF0 /* Sources */,
				98711B0919896DF100782AF0 /* Frameworks */,
				98711B0A19896DF100782AF0 /* Resources */,
			);
			buildRules = (
			);
			dependencies = (
				98711B1219896DF200782AF0 /* PBXTargetDependency */,
			);
			name = FarkleTests;
			productName = FarkleTests;
			productReference = 98711B0C19896DF100782AF0 /* FarkleTests.xctest */;
			productType = "com.apple.product-type.bundle.unit-test";
		};
/* End PBXNativeTarget section */

/* Begin PBXProject section */
		98711AE319896DF100782AF0 /* Project object */ = {
			isa = PBXProject;
			attributes = {
				LastUpgradeCheck = 0510;
				ORGANIZATIONNAME = "Mobile Makers";
				TargetAttributes = {
					98711B0B19896DF100782AF0 = {
						TestTargetID = 98711AEA19896DF100782AF0;
					};
				};
			};
			buildConfigurationList = 98711AE619896DF100782AF0 /* Build configuration list for PBXProject "Farkle" */;
			compatibilityVersion = "Xcode 3.2";
			developmentRegion = English;
			hasScannedForEncodings = 0;
			knownRegions = (
				en,
				Base,
			);
			mainGroup = 98711AE219896DF100782AF0;
			productRefGroup = 98711AEC19896DF100782AF0 /* Products */;
			projectDirPath = "";
			projectRoot = "";
			targets = (
				98711AEA19896DF100782AF0 /* Farkle */,
				98711B0B19896DF100782AF0 /* FarkleTests */,
			);
		};
/* End PBXProject section */

/* Begin PBXResourcesBuildPhase section */
		98711AE919896DF100782AF0 /* Resources */ = {
			isa = PBXResourcesBuildPhase;
			buildActionMask = 2147483647;
			files = (
				98711B0719896DF100782AF0 /* Images.xcassets in Resources */,
				98711AF919896DF100782AF0 /* InfoPlist.strings in Resources */,
				98E2D9A61989867B00D64F0F /* Main.storyboard in Resources */,
				98E2D9A51989866600D64F0F /* dice.ttf in Resources */,
			);
			runOnlyForDeploymentPostprocessing = 0;
		};
		98711B0A19896DF100782AF0 /* Resources */ = {
			isa = PBXResourcesBuildPhase;
			buildActionMask = 2147483647;
			files = (
				98711B1819896DF200782AF0 /* InfoPlist.strings in Resources */,
			);
			runOnlyForDeploymentPostprocessing = 0;
		};
/* End PBXResourcesBuildPhase section */

/* Begin PBXSourcesBuildPhase section */
		98711AE719896DF100782AF0 /* Sources */ = {
			isa = PBXSourcesBuildPhase;
			buildActionMask = 2147483647;
			files = (
				98711B0519896DF100782AF0 /* ViewController.m in Sources */,
				98711AFF19896DF100782AF0 /* AppDelegate.m in Sources */,
				98E2D9A91989A68900D64F0F /* GameLogic.m in Sources */,
				98711AFB19896DF100782AF0 /* main.m in Sources */,
				98711B2519896E3300782AF0 /* DieLabel.m in Sources */,
			);
			runOnlyForDeploymentPostprocessing = 0;
		};
		98711B0819896DF100782AF0 /* Sources */ = {
			isa = PBXSourcesBuildPhase;
			buildActionMask = 2147483647;
			files = (
				98711B1A19896DF200782AF0 /* FarkleTests.m in Sources */,
			);
			runOnlyForDeploymentPostprocessing = 0;
		};
/* End PBXSourcesBuildPhase section */

/* Begin PBXTargetDependency section */
		98711B1219896DF200782AF0 /* PBXTargetDependency */ = {
			isa = PBXTargetDependency;
			target = 98711AEA19896DF100782AF0 /* Farkle */;
			targetProxy = 98711B1119896DF200782AF0 /* PBXContainerItemProxy */;
		};
/* End PBXTargetDependency section */

/* Begin PBXVariantGroup section */
		98711AF719896DF100782AF0 /* InfoPlist.strings */ = {
			isa = PBXVariantGroup;
			children = (
				98711AF819896DF100782AF0 /* en */,
			);
			name = InfoPlist.strings;
			sourceTree = "<group>";
		};
		98711B0019896DF100782AF0 /* Main.storyboard */ = {
			isa = PBXVariantGroup;
			children = (
				98711B0119896DF100782AF0 /* Base */,
			);
			name = Main.storyboard;
			sourceTree = "<group>";
		};
		98711B1619896DF200782AF0 /* InfoPlist.strings */ = {
			isa = PBXVariantGroup;
			children = (
				98711B1719896DF200782AF0 /* en */,
			);
			name = InfoPlist.strings;
			sourceTree = "<group>";
		};
/* End PBXVariantGroup section */

/* Begin XCBuildConfiguration section */
		98711B1B19896DF200782AF0 /* Debug */ = {
			isa = XCBuildConfiguration;
			buildSettings = {
				ALWAYS_SEARCH_USER_PATHS = NO;
				CLANG_CXX_LANGUAGE_STANDARD = "gnu++0x";
				CLANG_CXX_LIBRARY = "libc++";
				CLANG_ENABLE_MODULES = YES;
				CLANG_ENABLE_OBJC_ARC = YES;
				CLANG_WARN_BOOL_CONVERSION = YES;
				CLANG_WARN_CONSTANT_CONVERSION = YES;
				CLANG_WARN_DIRECT_OBJC_ISA_USAGE = YES_ERROR;
				CLANG_WARN_EMPTY_BODY = YES;
				CLANG_WARN_ENUM_CONVERSION = YES;
				CLANG_WARN_INT_CONVERSION = YES;
				CLANG_WARN_OBJC_ROOT_CLASS = YES_ERROR;
				CLANG_WARN__DUPLICATE_METHOD_MATCH = YES;
				"CODE_SIGN_IDENTITY[sdk=iphoneos*]" = "iPhone Developer";
				COPY_PHASE_STRIP = NO;
				GCC_C_LANGUAGE_STANDARD = gnu99;
				GCC_DYNAMIC_NO_PIC = NO;
				GCC_OPTIMIZATION_LEVEL = 0;
				GCC_PREPROCESSOR_DEFINITIONS = (
					"DEBUG=1",
					"$(inherited)",
				);
				GCC_SYMBOLS_PRIVATE_EXTERN = NO;
				GCC_WARN_64_TO_32_BIT_CONVERSION = YES;
				GCC_WARN_ABOUT_RETURN_TYPE = YES_ERROR;
				GCC_WARN_UNDECLARED_SELECTOR = YES;
				GCC_WARN_UNINITIALIZED_AUTOS = YES_AGGRESSIVE;
				GCC_WARN_UNUSED_FUNCTION = YES;
				GCC_WARN_UNUSED_VARIABLE = YES;
				IPHONEOS_DEPLOYMENT_TARGET = 7.1;
				ONLY_ACTIVE_ARCH = YES;
				SDKROOT = iphoneos;
			};
			name = Debug;
		};
		98711B1C19896DF200782AF0 /* Release */ = {
			isa = XCBuildConfiguration;
			buildSettings = {
				ALWAYS_SEARCH_USER_PATHS = NO;
				CLANG_CXX_LANGUAGE_STANDARD = "gnu++0x";
				CLANG_CXX_LIBRARY = "libc++";
				CLANG_ENABLE_MODULES = YES;
				CLANG_ENABLE_OBJC_ARC = YES;
				CLANG_WARN_BOOL_CONVERSION = YES;
				CLANG_WARN_CONSTANT_CONVERSION = YES;
				CLANG_WARN_DIRECT_OBJC_ISA_USAGE = YES_ERROR;
				CLANG_WARN_EMPTY_BODY = YES;
				CLANG_WARN_ENUM_CONVERSION = YES;
				CLANG_WARN_INT_CONVERSION = YES;
				CLANG_WARN_OBJC_ROOT_CLASS = YES_ERROR;
				CLANG_WARN__DUPLICATE_METHOD_MATCH = YES;
				"CODE_SIGN_IDENTITY[sdk=iphoneos*]" = "iPhone Developer";
				COPY_PHASE_STRIP = YES;
				ENABLE_NS_ASSERTIONS = NO;
				GCC_C_LANGUAGE_STANDARD = gnu99;
				GCC_WARN_64_TO_32_BIT_CONVERSION = YES;
				GCC_WARN_ABOUT_RETURN_TYPE = YES_ERROR;
				GCC_WARN_UNDECLARED_SELECTOR = YES;
				GCC_WARN_UNINITIALIZED_AUTOS = YES_AGGRESSIVE;
				GCC_WARN_UNUSED_FUNCTION = YES;
				GCC_WARN_UNUSED_VARIABLE = YES;
				IPHONEOS_DEPLOYMENT_TARGET = 7.1;
				SDKROOT = iphoneos;
				VALIDATE_PRODUCT = YES;
			};
			name = Release;
		};
		98711B1E19896DF200782AF0 /* Debug */ = {
			isa = XCBuildConfiguration;
			buildSettings = {
				ASSETCATALOG_COMPILER_APPICON_NAME = AppIcon;
				ASSETCATALOG_COMPILER_LAUNCHIMAGE_NAME = LaunchImage;
				FRAMEWORK_SEARCH_PATHS = (
					"$(inherited)",
					"$(PROJECT_DIR)",
				);
				GCC_PRECOMPILE_PREFIX_HEADER = YES;
				GCC_PREFIX_HEADER = "Farkle/Farkle-Prefix.pch";
				INFOPLIST_FILE = "Farkle/Farkle-Info.plist";
				PRODUCT_NAME = "$(TARGET_NAME)";
				WRAPPER_EXTENSION = app;
			};
			name = Debug;
		};
		98711B1F19896DF200782AF0 /* Release */ = {
			isa = XCBuildConfiguration;
			buildSettings = {
				ASSETCATALOG_COMPILER_APPICON_NAME = AppIcon;
				ASSETCATALOG_COMPILER_LAUNCHIMAGE_NAME = LaunchImage;
				FRAMEWORK_SEARCH_PATHS = (
					"$(inherited)",
					"$(PROJECT_DIR)",
				);
				GCC_PRECOMPILE_PREFIX_HEADER = YES;
				GCC_PREFIX_HEADER = "Farkle/Farkle-Prefix.pch";
				INFOPLIST_FILE = "Farkle/Farkle-Info.plist";
				PRODUCT_NAME = "$(TARGET_NAME)";
				WRAPPER_EXTENSION = app;
			};
			name = Release;
		};
		98711B2119896DF200782AF0 /* Debug */ = {
			isa = XCBuildConfiguration;
			buildSettings = {
				BUNDLE_LOADER = "$(BUILT_PRODUCTS_DIR)/Farkle.app/Farkle";
				FRAMEWORK_SEARCH_PATHS = (
					"$(SDKROOT)/Developer/Library/Frameworks",
					"$(inherited)",
					"$(DEVELOPER_FRAMEWORKS_DIR)",
				);
				GCC_PRECOMPILE_PREFIX_HEADER = YES;
				GCC_PREFIX_HEADER = "Farkle/Farkle-Prefix.pch";
				GCC_PREPROCESSOR_DEFINITIONS = (
					"DEBUG=1",
					"$(inherited)",
				);
				INFOPLIST_FILE = "FarkleTests/FarkleTests-Info.plist";
				PRODUCT_NAME = "$(TARGET_NAME)";
				TEST_HOST = "$(BUNDLE_LOADER)";
				WRAPPER_EXTENSION = xctest;
			};
			name = Debug;
		};
		98711B2219896DF200782AF0 /* Release */ = {
			isa = XCBuildConfiguration;
			buildSettings = {
				BUNDLE_LOADER = "$(BUILT_PRODUCTS_DIR)/Farkle.app/Farkle";
				FRAMEWORK_SEARCH_PATHS = (
					"$(SDKROOT)/Developer/Library/Frameworks",
					"$(inherited)",
					"$(DEVELOPER_FRAMEWORKS_DIR)",
				);
				GCC_PRECOMPILE_PREFIX_HEADER = YES;
				GCC_PREFIX_HEADER = "Farkle/Farkle-Prefix.pch";
				INFOPLIST_FILE = "FarkleTests/FarkleTests-Info.plist";
				PRODUCT_NAME = "$(TARGET_NAME)";
				TEST_HOST = "$(BUNDLE_LOADER)";
				WRAPPER_EXTENSION = xctest;
			};
			name = Release;
		};
/* End XCBuildConfiguration section */

/* Begin XCConfigurationList section */
		98711AE619896DF100782AF0 /* Build configuration list for PBXProject "Farkle" */ = {
			isa = XCConfigurationList;
			buildConfigurations = (
				98711B1B19896DF200782AF0 /* Debug */,
				98711B1C19896DF200782AF0 /* Release */,
			);
			defaultConfigurationIsVisible = 0;
			defaultConfigurationName = Release;
		};
		98711B1D19896DF200782AF0 /* Build configuration list for PBXNativeTarget "Farkle" */ = {
			isa = XCConfigurationList;
			buildConfigurations = (
				98711B1E19896DF200782AF0 /* Debug */,
				98711B1F19896DF200782AF0 /* Release */,
			);
			defaultConfigurationIsVisible = 0;
			defaultConfigurationName = Release;
		};
		98711B2019896DF200782AF0 /* Build configuration list for PBXNativeTarget "FarkleTests" */ = {
			isa = XCConfigurationList;
			buildConfigurations = (
				98711B2119896DF200782AF0 /* Debug */,
				98711B2219896DF200782AF0 /* Release */,
			);
			defaultConfigurationIsVisible = 0;
			defaultConfigurationName = Release;
		};
/* End XCConfigurationList section */
	};
	rootObject = 98711AE319896DF100782AF0 /* Project object */;
}
